{
  "nodes": {
    "nix-crx": {
      "locked": {
        "lastModified": 1772900767,
        "narHash": "sha256-fqMNUKA0jSPK4X4Z6U1KRt2uLx8nGpVqV3HuTnvjlZk=",
        "owner": "andreivolt",
        "repo": "nix-crx",
        "rev": "b762b1c21a4ae4b4bff36f5791d721fbebf45920",
        "type": "github"
      },
      "original": {
        "owner": "andreivolt",
        "repo": "nix-crx",
        "type": "github"
      }
    },
    "nixpkgs": {
      "locked": {
        "lastModified": 1772479524,
        "narHash": "sha256-u7nCaNiMjqvKpE+uZz9hE7pgXXTmm5yvdtFaqzSzUQI=",
        "owner": "NixOS",
        "repo": "nixpkgs",
        "rev": "4215e62dc2cd3bc705b0a423b9719ff6be378a43",
        "type": "github"
      },
      "original": {
        "owner": "NixOS",
        "ref": "nixpkgs-unstable",
        "repo": "nixpkgs",
        "type": "github"
      }
    },
    "root": {
      "inputs": {
        "nix-crx": "nix-crx",
        "nixpkgs": "nixpkgs"
      }
    }
  },
  "root": "root",
  "version": 7
}
